
Microsoft Visual Studio Solution File, Format Version 12.00
# Visual Studio Version 17
VisualStudioVersion = 17.14.36327.8 d17.14
MinimumVisualStudioVersion = 10.0.40219.1
Project("{FAE04EC0-301F-11D3-BF4B-00C04F79EFBC}") = "BlazorLearn", "BlazorLearn\BlazorLearn.csproj", "{0231F50C-8643-48E7-A2CD-49785E983E54}"
EndProject
Global
	GlobalSection(SolutionConfigurationPlatforms) = preSolution
		Debug|Any CPU = Debug|Any CPU
		Release|Any CPU = Release|Any CPU
	EndGlobalSection
	GlobalSection(ProjectConfigurationPlatforms) = postSolution
		{0231F50C-8643-48E7-A2CD-49785E983E54}.Debug|Any CPU.ActiveCfg = Debug|Any CPU
		{0231F50C-8643-48E7-A2CD-49785E983E54}.Debug|Any CPU.Build.0 = Debug|Any CPU
		{0231F50C-8643-48E7-A2CD-49785E983E54}.Release|Any CPU.ActiveCfg = Release|Any CPU
		{0231F50C-8643-48E7-A2CD-49785E983E54}.Release|Any CPU.Build.0 = Release|Any CPU
	EndGlobalSection
	GlobalSection(SolutionProperties) = preSolution
		HideSolutionNode = FALSE
	EndGlobalSection
	GlobalSection(ExtensibilityGlobals) = postSolution
		SolutionGuid = {FBAFCC7E-D1D5-479D-95D4-42253897A0AD}
	EndGlobalSection
EndGlobal
